
Microsoft Visual Studio Solution File, Format Version 12.00
Project("{FAE04EC0-301F-11D3-BF4B-00C04F79EFBC}") = "BandFounder", "BandFounder.Api\BandFounder.Api.csproj", "{916135CF-E432-4181-8D29-3D72BAF1126A}"
EndProject
Project("{2150E333-8FDC-42A3-9474-1A3956D46DE8}") = "Api", "Api", "{B22BF846-55F8-4057-8274-36E05CBABC12}"
EndProject
Project("{2150E333-8FDC-42A3-9474-1A3956D46DE8}") = "Application", "Application", "{5E0ADE59-36A8-4232-B706-9199AE57BAA8}"
EndProject
Project("{2150E333-8FDC-42A3-9474-1A3956D46DE8}") = "SolutionFiles", "SolutionFiles", "{A2DF4AA0-2796-4B41-9F03-839B57EF42B5}"
	ProjectSection(SolutionItems) = preProject
		.gitignore = .gitignore
	EndProjectSection
EndProject
Project("{FAE04EC0-301F-11D3-BF4B-00C04F79EFBC}") = "BandFounder.Application", "BandFounder.Application\BandFounder.Application.csproj", "{2D2DC387-52C1-4859-AE05-C9C018C590B4}"
EndProject
Project("{2150E333-8FDC-42A3-9474-1A3956D46DE8}") = "Domain", "Domain", "{E9A640A5-4239-4AD3-AFE0-5F541051C7B7}"
EndProject
Project("{2150E333-8FDC-42A3-9474-1A3956D46DE8}") = "Infrastructure", "Infrastructure", "{9B8F3239-7142-4234-A2D1-EFD4075AB586}"
EndProject
Global
	GlobalSection(SolutionConfigurationPlatforms) = preSolution
		Debug|Any CPU = Debug|Any CPU
		Release|Any CPU = Release|Any CPU
	EndGlobalSection
	GlobalSection(ProjectConfigurationPlatforms) = postSolution
		{916135CF-E432-4181-8D29-3D72BAF1126A}.Debug|Any CPU.ActiveCfg = Debug|Any CPU
		{916135CF-E432-4181-8D29-3D72BAF1126A}.Debug|Any CPU.Build.0 = Debug|Any CPU
		{916135CF-E432-4181-8D29-3D72BAF1126A}.Release|Any CPU.ActiveCfg = Release|Any CPU
		{916135CF-E432-4181-8D29-3D72BAF1126A}.Release|Any CPU.Build.0 = Release|Any CPU
		{2D2DC387-52C1-4859-AE05-C9C018C590B4}.Debug|Any CPU.ActiveCfg = Debug|Any CPU
		{2D2DC387-52C1-4859-AE05-C9C018C590B4}.Debug|Any CPU.Build.0 = Debug|Any CPU
		{2D2DC387-52C1-4859-AE05-C9C018C590B4}.Release|Any CPU.ActiveCfg = Release|Any CPU
		{2D2DC387-52C1-4859-AE05-C9C018C590B4}.Release|Any CPU.Build.0 = Release|Any CPU
	EndGlobalSection
	GlobalSection(NestedProjects) = preSolution
		{916135CF-E432-4181-8D29-3D72BAF1126A} = {B22BF846-55F8-4057-8274-36E05CBABC12}
		{2D2DC387-52C1-4859-AE05-C9C018C590B4} = {5E0ADE59-36A8-4232-B706-9199AE57BAA8}
	EndGlobalSection
EndGlobal
